
Microsoft Visual Studio Solution File, Format Version 12.00
# Visual Studio Version 17
VisualStudioVersion = 17.7.34031.279
MinimumVisualStudioVersion = 10.0.40219.1
Project("{FAE04EC0-301F-11D3-BF4B-00C04F79EFBC}") = "7. Numbers closest to 100", "7. Numbers closest to 100\7. Numbers closest to 100.csproj", "{27A608D6-3896-4B6D-9D56-C3BF4FBEACD8}"
EndProject
Global
	GlobalSection(SolutionConfigurationPlatforms) = preSolution
		Debug|Any CPU = Debug|Any CPU
		Release|Any CPU = Release|Any CPU
	EndGlobalSection
	GlobalSection(ProjectConfigurationPlatforms) = postSolution
		{27A608D6-3896-4B6D-9D56-C3BF4FBEACD8}.Debug|Any CPU.ActiveCfg = Debug|Any CPU
		{27A608D6-3896-4B6D-9D56-C3BF4FBEACD8}.Debug|Any CPU.Build.0 = Debug|Any CPU
		{27A608D6-3896-4B6D-9D56-C3BF4FBEACD8}.Release|Any CPU.ActiveCfg = Release|Any CPU
		{27A608D6-3896-4B6D-9D56-C3BF4FBEACD8}.Release|Any CPU.Build.0 = Release|Any CPU
	EndGlobalSection
	GlobalSection(SolutionProperties) = preSolution
		HideSolutionNode = FALSE
	EndGlobalSection
	GlobalSection(ExtensibilityGlobals) = postSolution
		SolutionGuid = {11DCFAA8-2B1E-4E54-8AFD-F8B1F9662D40}
	EndGlobalSection
EndGlobal
